
Microsoft Visual Studio Solution File, Format Version 12.00
# Visual Studio Version 17
VisualStudioVersion = 17.14.36310.24
MinimumVisualStudioVersion = 10.0.40219.1
Project("{FAE04EC0-301F-11D3-BF4B-00C04F79EFBC}") = "Al_Hilali_Bank", "Al_Hilali_Bank.csproj", "{737A4A50-3492-44C6-8081-982C7029AF83}"
EndProject
Project("{FAE04EC0-301F-11D3-BF4B-00C04F79EFBC}") = "AccessDataLayer", "..\AccessDataLayer\AccessDataLayer.csproj", "{716360B1-CDC7-4635-993E-DCE908478231}"
EndProject
Project("{FAE04EC0-301F-11D3-BF4B-00C04F79EFBC}") = "BusinessLayer", "..\BusinessLayer\BusinessLayer.csproj", "{EFD810DA-42EE-448A-9E92-81E53C93FBC7}"
EndProject
Global
	GlobalSection(SolutionConfigurationPlatforms) = preSolution
		Debug|Any CPU = Debug|Any CPU
		Release|Any CPU = Release|Any CPU
	EndGlobalSection
	GlobalSection(ProjectConfigurationPlatforms) = postSolution
		{737A4A50-3492-44C6-8081-982C7029AF83}.Debug|Any CPU.ActiveCfg = Debug|Any CPU
		{737A4A50-3492-44C6-8081-982C7029AF83}.Debug|Any CPU.Build.0 = Debug|Any CPU
		{737A4A50-3492-44C6-8081-982C7029AF83}.Release|Any CPU.ActiveCfg = Release|Any CPU
		{737A4A50-3492-44C6-8081-982C7029AF83}.Release|Any CPU.Build.0 = Release|Any CPU
		{716360B1-CDC7-4635-993E-DCE908478231}.Debug|Any CPU.ActiveCfg = Debug|Any CPU
		{716360B1-CDC7-4635-993E-DCE908478231}.Debug|Any CPU.Build.0 = Debug|Any CPU
		{716360B1-CDC7-4635-993E-DCE908478231}.Release|Any CPU.ActiveCfg = Release|Any CPU
		{716360B1-CDC7-4635-993E-DCE908478231}.Release|Any CPU.Build.0 = Release|Any CPU
		{EFD810DA-42EE-448A-9E92-81E53C93FBC7}.Debug|Any CPU.ActiveCfg = Debug|Any CPU
		{EFD810DA-42EE-448A-9E92-81E53C93FBC7}.Debug|Any CPU.Build.0 = Debug|Any CPU
		{EFD810DA-42EE-448A-9E92-81E53C93FBC7}.Release|Any CPU.ActiveCfg = Release|Any CPU
		{EFD810DA-42EE-448A-9E92-81E53C93FBC7}.Release|Any CPU.Build.0 = Release|Any CPU
	EndGlobalSection
	GlobalSection(SolutionProperties) = preSolution
		HideSolutionNode = FALSE
	EndGlobalSection
	GlobalSection(ExtensibilityGlobals) = postSolution
		SolutionGuid = {A2A84635-FC3A-4666-8E57-B354C0C05697}
	EndGlobalSection
EndGlobal
